
Microsoft Visual Studio Solution File, Format Version 12.00
# Visual Studio 2015
Project("{FAE04EC0-301F-11D3-BF4B-00C04F79EFBC}") = "Super Push Puzzle.CSharp", "Super Push Puzzle.CSharp.csproj", "{64D9C389-92DF-99DF-ACC8-3F78C8948CF6}"
EndProject
Project("{FAE04EC0-301F-11D3-BF4B-00C04F79EFBC}") = "Super Push Puzzle.CSharp.Editor", "Super Push Puzzle.CSharp.Editor.csproj", "{3610A054-1619-B6E6-123A-11A2F76C1084}"
EndProject
Global
	GlobalSection(SolutionConfigurationPlatforms) = preSolution
		Debug|Any CPU = Debug|Any CPU
		Release|Any CPU = Release|Any CPU
	EndGlobalSection
	GlobalSection(ProjectConfigurationPlatforms) = postSolution
		{64D9C389-92DF-99DF-ACC8-3F78C8948CF6}.Debug|Any CPU.ActiveCfg = Debug|Any CPU
		{64D9C389-92DF-99DF-ACC8-3F78C8948CF6}.Debug|Any CPU.Build.0 = Debug|Any CPU
		{64D9C389-92DF-99DF-ACC8-3F78C8948CF6}.Release|Any CPU.ActiveCfg = Release|Any CPU
		{64D9C389-92DF-99DF-ACC8-3F78C8948CF6}.Release|Any CPU.Build.0 = Release|Any CPU
		{3610A054-1619-B6E6-123A-11A2F76C1084}.Debug|Any CPU.ActiveCfg = Debug|Any CPU
		{3610A054-1619-B6E6-123A-11A2F76C1084}.Debug|Any CPU.Build.0 = Debug|Any CPU
		{3610A054-1619-B6E6-123A-11A2F76C1084}.Release|Any CPU.ActiveCfg = Release|Any CPU
		{3610A054-1619-B6E6-123A-11A2F76C1084}.Release|Any CPU.Build.0 = Release|Any CPU
	EndGlobalSection
	GlobalSection(SolutionProperties) = preSolution
		HideSolutionNode = FALSE
	EndGlobalSection
EndGlobal
